
Microsoft Visual Studio Solution File, Format Version 12.00
# Visual Studio 15
VisualStudioVersion = 15.0.27130.2020
MinimumVisualStudioVersion = 10.0.40219.1
Project("{9A19103F-16F7-4668-BE54-9A1E7A4F7556}") = "DotNet.Myra.Standard", "DotNet.Myra.Standard\DotNet.Myra.Standard.csproj", "{AD2E04B4-A375-466C-B3C2-6A0E718486E8}"
EndProject
Project("{FAE04EC0-301F-11D3-BF4B-00C04F79EFBC}") = "DotNet.Myra.Test", "DotNet.Myra.Test\DotNet.Myra.Test.csproj", "{596CEA93-FE82-4952-AD56-BEB08ADEF54B}"
EndProject
Global
	GlobalSection(SolutionConfigurationPlatforms) = preSolution
		Debug|Any CPU = Debug|Any CPU
		Release|Any CPU = Release|Any CPU
	EndGlobalSection
	GlobalSection(ProjectConfigurationPlatforms) = postSolution
		{AD2E04B4-A375-466C-B3C2-6A0E718486E8}.Debug|Any CPU.ActiveCfg = Debug|Any CPU
		{AD2E04B4-A375-466C-B3C2-6A0E718486E8}.Debug|Any CPU.Build.0 = Debug|Any CPU
		{AD2E04B4-A375-466C-B3C2-6A0E718486E8}.Release|Any CPU.ActiveCfg = Release|Any CPU
		{AD2E04B4-A375-466C-B3C2-6A0E718486E8}.Release|Any CPU.Build.0 = Release|Any CPU
		{596CEA93-FE82-4952-AD56-BEB08ADEF54B}.Debug|Any CPU.ActiveCfg = Debug|Any CPU
		{596CEA93-FE82-4952-AD56-BEB08ADEF54B}.Debug|Any CPU.Build.0 = Debug|Any CPU
		{596CEA93-FE82-4952-AD56-BEB08ADEF54B}.Release|Any CPU.ActiveCfg = Release|Any CPU
		{596CEA93-FE82-4952-AD56-BEB08ADEF54B}.Release|Any CPU.Build.0 = Release|Any CPU
	EndGlobalSection
	GlobalSection(SolutionProperties) = preSolution
		HideSolutionNode = FALSE
	EndGlobalSection
	GlobalSection(ExtensibilityGlobals) = postSolution
		SolutionGuid = {2A9F7D6F-1DE4-446C-9244-36FE25FC553B}
	EndGlobalSection
EndGlobal
